
Microsoft Visual Studio Solution File, Format Version 12.00
# Visual Studio Version 16
VisualStudioVersion = 16.0.28714.193
MinimumVisualStudioVersion = 10.0.40219.1
Project("{9A19103F-16F7-4668-BE54-9A1E7A4F7556}") = "ConsoleRunner", "ConsoleRunner\ConsoleRunner.csproj", "{ED3EC5CE-1E56-4A0C-81CD-3EED2CF25F44}"
EndProject
Project("{9A19103F-16F7-4668-BE54-9A1E7A4F7556}") = "BackupUtility", "BackupUtility\BackupUtility.csproj", "{8DB408FC-45A6-4E6E-93D6-564C3507BC42}"
EndProject
Project("{2150E333-8FDC-42A3-9474-1A3956D46DE8}") = "Solution Items", "Solution Items", "{6AA1B8C2-A042-47E6-A050-8194C1218FBE}"
	ProjectSection(SolutionItems) = preProject
		README.md = README.md
	EndProjectSection
EndProject
Global
	GlobalSection(SolutionConfigurationPlatforms) = preSolution
		Debug|Any CPU = Debug|Any CPU
		Release|Any CPU = Release|Any CPU
	EndGlobalSection
	GlobalSection(ProjectConfigurationPlatforms) = postSolution
		{ED3EC5CE-1E56-4A0C-81CD-3EED2CF25F44}.Debug|Any CPU.ActiveCfg = Debug|Any CPU
		{ED3EC5CE-1E56-4A0C-81CD-3EED2CF25F44}.Debug|Any CPU.Build.0 = Debug|Any CPU
		{ED3EC5CE-1E56-4A0C-81CD-3EED2CF25F44}.Release|Any CPU.ActiveCfg = Release|Any CPU
		{ED3EC5CE-1E56-4A0C-81CD-3EED2CF25F44}.Release|Any CPU.Build.0 = Release|Any CPU
		{8DB408FC-45A6-4E6E-93D6-564C3507BC42}.Debug|Any CPU.ActiveCfg = Debug|Any CPU
		{8DB408FC-45A6-4E6E-93D6-564C3507BC42}.Debug|Any CPU.Build.0 = Debug|Any CPU
		{8DB408FC-45A6-4E6E-93D6-564C3507BC42}.Release|Any CPU.ActiveCfg = Release|Any CPU
		{8DB408FC-45A6-4E6E-93D6-564C3507BC42}.Release|Any CPU.Build.0 = Release|Any CPU
	EndGlobalSection
	GlobalSection(SolutionProperties) = preSolution
		HideSolutionNode = FALSE
	EndGlobalSection
	GlobalSection(ExtensibilityGlobals) = postSolution
		SolutionGuid = {0E3F5DB0-23B5-46A0-8685-9209453407CD}
	EndGlobalSection
EndGlobal
